
Microsoft Visual Studio Solution File, Format Version 12.00
# Visual Studio 15
VisualStudioVersion = 15.0.27428.2015
MinimumVisualStudioVersion = 10.0.40219.1
Project("{FAE04EC0-301F-11D3-BF4B-00C04F79EFBC}") = "GUI", "GUI\GUI.csproj", "{80CBC4CD-E173-4CA0-96C2-F2179CD1F41C}"
EndProject
Global
	GlobalSection(SolutionConfigurationPlatforms) = preSolution
		Debug|Any CPU = Debug|Any CPU
		Release|Any CPU = Release|Any CPU
	EndGlobalSection
	GlobalSection(ProjectConfigurationPlatforms) = postSolution
		{80CBC4CD-E173-4CA0-96C2-F2179CD1F41C}.Debug|Any CPU.ActiveCfg = Debug|Any CPU
		{80CBC4CD-E173-4CA0-96C2-F2179CD1F41C}.Debug|Any CPU.Build.0 = Debug|Any CPU
		{80CBC4CD-E173-4CA0-96C2-F2179CD1F41C}.Release|Any CPU.ActiveCfg = Release|Any CPU
		{80CBC4CD-E173-4CA0-96C2-F2179CD1F41C}.Release|Any CPU.Build.0 = Release|Any CPU
	EndGlobalSection
	GlobalSection(SolutionProperties) = preSolution
		HideSolutionNode = FALSE
	EndGlobalSection
	GlobalSection(ExtensibilityGlobals) = postSolution
		SolutionGuid = {CCEC9427-4BBA-43E8-A03A-D9A531F8667A}
	EndGlobalSection
EndGlobal
